
Microsoft Visual Studio Solution File, Format Version 12.00
# Visual Studio Version 17
VisualStudioVersion = 17.7.34202.233
MinimumVisualStudioVersion = 10.0.40219.1
Project("{FAE04EC0-301F-11D3-BF4B-00C04F79EFBC}") = "ChamSocThuCungThreeModel", "ChamSocThuCungThreeModel\ChamSocThuCungThreeModel.csproj", "{5845C5DE-B49A-4821-8AB2-0CD28F00D1E1}"
EndProject
Project("{FAE04EC0-301F-11D3-BF4B-00C04F79EFBC}") = "QuanLyThuCungEntityFramwork", "QuanLyThuCungEntityFramwork\QuanLyThuCungEntityFramwork.csproj", "{5BB0D360-8576-46AA-BCE9-DD8482662618}"
EndProject
Project("{FAE04EC0-301F-11D3-BF4B-00C04F79EFBC}") = "TestLuuAnhdb", "TestLuuAnhdb\TestLuuAnhdb.csproj", "{419A7DED-AAB9-4253-9F0B-8F3E68CDA768}"
EndProject
Project("{FAE04EC0-301F-11D3-BF4B-00C04F79EFBC}") = "QuanLyNhapKho", "QuanLyNhapKho\QuanLyNhapKho.csproj", "{1826043E-7C8C-4DE0-8E30-E23651BEC94E}"
EndProject
Global
	GlobalSection(SolutionConfigurationPlatforms) = preSolution
		Debug|Any CPU = Debug|Any CPU
		Release|Any CPU = Release|Any CPU
	EndGlobalSection
	GlobalSection(ProjectConfigurationPlatforms) = postSolution
		{5845C5DE-B49A-4821-8AB2-0CD28F00D1E1}.Debug|Any CPU.ActiveCfg = Debug|Any CPU
		{5845C5DE-B49A-4821-8AB2-0CD28F00D1E1}.Debug|Any CPU.Build.0 = Debug|Any CPU
		{5845C5DE-B49A-4821-8AB2-0CD28F00D1E1}.Release|Any CPU.ActiveCfg = Release|Any CPU
		{5845C5DE-B49A-4821-8AB2-0CD28F00D1E1}.Release|Any CPU.Build.0 = Release|Any CPU
		{5BB0D360-8576-46AA-BCE9-DD8482662618}.Debug|Any CPU.ActiveCfg = Debug|Any CPU
		{5BB0D360-8576-46AA-BCE9-DD8482662618}.Debug|Any CPU.Build.0 = Debug|Any CPU
		{5BB0D360-8576-46AA-BCE9-DD8482662618}.Release|Any CPU.ActiveCfg = Release|Any CPU
		{5BB0D360-8576-46AA-BCE9-DD8482662618}.Release|Any CPU.Build.0 = Release|Any CPU
		{419A7DED-AAB9-4253-9F0B-8F3E68CDA768}.Debug|Any CPU.ActiveCfg = Debug|Any CPU
		{419A7DED-AAB9-4253-9F0B-8F3E68CDA768}.Debug|Any CPU.Build.0 = Debug|Any CPU
		{419A7DED-AAB9-4253-9F0B-8F3E68CDA768}.Release|Any CPU.ActiveCfg = Release|Any CPU
		{419A7DED-AAB9-4253-9F0B-8F3E68CDA768}.Release|Any CPU.Build.0 = Release|Any CPU
		{1826043E-7C8C-4DE0-8E30-E23651BEC94E}.Debug|Any CPU.ActiveCfg = Debug|Any CPU
		{1826043E-7C8C-4DE0-8E30-E23651BEC94E}.Debug|Any CPU.Build.0 = Debug|Any CPU
		{1826043E-7C8C-4DE0-8E30-E23651BEC94E}.Release|Any CPU.ActiveCfg = Release|Any CPU
		{1826043E-7C8C-4DE0-8E30-E23651BEC94E}.Release|Any CPU.Build.0 = Release|Any CPU
	EndGlobalSection
	GlobalSection(SolutionProperties) = preSolution
		HideSolutionNode = FALSE
	EndGlobalSection
	GlobalSection(ExtensibilityGlobals) = postSolution
		SolutionGuid = {D64333D6-5453-4C4F-997C-295B8A4DB12B}
	EndGlobalSection
EndGlobal
